# This file is automatically @generated by Cargo.
# It is not intended for manual editing.
version = 3

[[package]]
name = "autocfg"
version = "1.4.0"
source = "registry+https://github.com/rust-lang/crates.io-index"
checksum = "ace50bade8e6234aa140d9a2f552bbee1db4d353f69b8217bc503490fc1a9f26"

[[package]]
name = "bit_field"
version = "0.10.1"
source = "registry+https://github.com/rust-lang/crates.io-index"
checksum = "dcb6dd1c2376d2e096796e234a70e17e94cc2d5d54ff8ce42b28cef1d0d359a4"

[[package]]
name = "bitflags"
version = "1.2.1"
source = "registry+https://github.com/rust-lang/crates.io-index"
checksum = "cf1de2fe8c75bc145a2f577add951f8134889b4795d47466a54a5c846d691693"

[[package]]
name = "bitflags"
version = "2.6.0"
source = "registry+https://github.com/rust-lang/crates.io-index"
checksum = "b048fb63fd8b5923fc5aa7b340d8e156aec7ec02f0c78fa8a6ddc2613f6f71de"

[[package]]
name = "blog_os"
version = "0.1.0"
dependencies = [
 "bootloader_api",
 "conquer-once",
 "crossbeam-queue",
 "futures-util",
 "lazy_static",
 "linked_list_allocator",
 "noto-sans-mono-bitmap",
 "pc-keyboard",
 "pic8259",
 "spin",
 "uart_16550",
 "volatile 0.6.1",
 "x86_64",
]

[[package]]
name = "bootloader_api"
version = "0.11.8"
source = "registry+https://github.com/rust-lang/crates.io-index"
checksum = "99adba6d383d3b4b367b9ae41e8347ffe4d88efe247af76d00fd029e4fbb3076"

[[package]]
name = "conquer-once"
version = "0.4.0"
source = "registry+https://github.com/rust-lang/crates.io-index"
checksum = "5d008a441c0f269f36ca13712528069a86a3e60dffee1d98b976eb3b0b2160b4"
dependencies = [
 "conquer-util",
]

[[package]]
name = "conquer-util"
version = "0.3.0"
source = "registry+https://github.com/rust-lang/crates.io-index"
checksum = "e763eef8846b13b380f37dfecda401770b0ca4e56e95170237bd7c25c7db3582"

[[package]]
name = "crossbeam-queue"
version = "0.3.11"
source = "registry+https://github.com/rust-lang/crates.io-index"
checksum = "df0346b5d5e76ac2fe4e327c5fd1118d6be7c51dfb18f9b7922923f287471e35"
dependencies = [
 "crossbeam-utils",
]

[[package]]
name = "crossbeam-utils"
version = "0.8.20"
source = "registry+https://github.com/rust-lang/crates.io-index"
checksum = "22ec99545bb0ed0ea7bb9b8e1e9122ea386ff8a48c0922e43f36d45ab09e0e80"

[[package]]
name = "futures-core"
version = "0.3.31"
source = "registry+https://github.com/rust-lang/crates.io-index"
checksum = "05f29059c0c2090612e8d742178b0580d2dc940c837851ad723096f87af6663e"

[[package]]
name = "futures-task"
version = "0.3.31"
source = "registry+https://github.com/rust-lang/crates.io-index"
checksum = "f90f7dce0722e95104fcb095585910c0977252f286e354b5e3bd38902cd99988"

[[package]]
name = "futures-util"
version = "0.3.31"
source = "registry+https://github.com/rust-lang/crates.io-index"
checksum = "9fa08315bb612088cc391249efdc3bc77536f16c91f6cf495e6fbe85b20a4a81"
dependencies = [
 "futures-core",
 "futures-task",
 "pin-project-lite",
 "pin-utils",
]

[[package]]
name = "lazy_static"
version = "1.5.0"
source = "registry+https://github.com/rust-lang/crates.io-index"
checksum = "bbd2bcb4c963f2ddae06a2efc7e9f3591312473c50c6685e1f298068316e66fe"
dependencies = [
 "spin",
]

[[package]]
name = "linked_list_allocator"
version = "0.10.5"
source = "registry+https://github.com/rust-lang/crates.io-index"
checksum = "9afa463f5405ee81cdb9cc2baf37e08ec7e4c8209442b5d72c04cfb2cd6e6286"
dependencies = [
 "spinning_top",
]

[[package]]
name = "lock_api"
version = "0.4.12"
source = "registry+https://github.com/rust-lang/crates.io-index"
checksum = "07af8b9cdd281b7915f413fa73f29ebd5d55d0d3f0155584dade1ff18cea1b17"
dependencies = [
 "autocfg",
 "scopeguard",
]

[[package]]
name = "noto-sans-mono-bitmap"
version = "0.3.0"
source = "registry+https://github.com/rust-lang/crates.io-index"
checksum = "9aa163ae3f5d28f11e4906fac432e39937daee74920caec72a4962810646e0fb"

[[package]]
name = "pc-keyboard"
version = "0.8.0"
source = "registry+https://github.com/rust-lang/crates.io-index"
checksum = "f0ca629cbb3f0d5b699c338f0129ff78c9bfd7ea8b1258ad529bff490dc8ed5a"

[[package]]
name = "pic8259"
version = "0.11.0"
source = "registry+https://github.com/rust-lang/crates.io-index"
checksum = "62d9a86c292b165f757e47e7fd66855def189b2564609bc4203727b27c33db22"
dependencies = [
 "x86_64",
]

[[package]]
name = "pin-project-lite"
version = "0.2.15"
source = "registry+https://github.com/rust-lang/crates.io-index"
checksum = "915a1e146535de9163f3987b8944ed8cf49a18bb0056bcebcdcece385cece4ff"

[[package]]
name = "pin-utils"
version = "0.1.0"
source = "registry+https://github.com/rust-lang/crates.io-index"
checksum = "8b870d8c151b6f2fb93e84a13146138f05d02ed11c7e7c54f8826aaaf7c9f184"

[[package]]
name = "raw-cpuid"
version = "10.7.0"
source = "registry+https://github.com/rust-lang/crates.io-index"
checksum = "6c297679cb867470fa8c9f67dbba74a78d78e3e98d7cf2b08d6d71540f797332"
dependencies = [
 "bitflags 1.2.1",
]

[[package]]
name = "rustversion"
version = "1.0.18"
source = "registry+https://github.com/rust-lang/crates.io-index"
checksum = "0e819f2bc632f285be6d7cd36e25940d45b2391dd6d9b939e79de557f7014248"

[[package]]
name = "scopeguard"
version = "1.1.0"
source = "registry+https://github.com/rust-lang/crates.io-index"
checksum = "d29ab0c6d3fc0ee92fe66e2d99f700eab17a8d57d1c1d3b748380fb20baa78cd"

[[package]]
name = "spin"
version = "0.9.8"
source = "registry+https://github.com/rust-lang/crates.io-index"
checksum = "6980e8d7511241f8acf4aebddbb1ff938df5eebe98691418c4468d0b72a96a67"
dependencies = [
 "lock_api",
]

[[package]]
name = "spinning_top"
version = "0.2.5"
source = "registry+https://github.com/rust-lang/crates.io-index"
checksum = "5b9eb1a2f4c41445a3a0ff9abc5221c5fcd28e1f13cd7c0397706f9ac938ddb0"
dependencies = [
 "lock_api",
]

[[package]]
name = "uart_16550"
version = "0.3.1"
source = "registry+https://github.com/rust-lang/crates.io-index"
checksum = "4922792855b1bce30997fbaa5418597902c278a92d20dfe348e6f062c3bd861d"
dependencies = [
 "bitflags 2.6.0",
 "rustversion",
 "x86",
]

[[package]]
name = "volatile"
version = "0.4.4"
source = "registry+https://github.com/rust-lang/crates.io-index"
checksum = "e4c2dbd44eb8b53973357e6e207e370f0c1059990df850aca1eca8947cf464f0"

[[package]]
name = "volatile"
version = "0.6.1"
source = "registry+https://github.com/rust-lang/crates.io-index"
checksum = "af8ca9a5d4debca0633e697c88269395493cebf2e10db21ca2dbde37c1356452"

[[package]]
name = "x86"
version = "0.52.0"
source = "registry+https://github.com/rust-lang/crates.io-index"
checksum = "2781db97787217ad2a2845c396a5efe286f87467a5810836db6d74926e94a385"
dependencies = [
 "bit_field",
 "bitflags 1.2.1",
 "raw-cpuid",
]

[[package]]
name = "x86_64"
version = "0.15.1"
source = "registry+https://github.com/rust-lang/crates.io-index"
checksum = "4bc79523af8abf92fb1a970c3e086c5a343f6bcc1a0eb890f575cbb3b45743df"
dependencies = [
 "bit_field",
 "bitflags 2.6.0",
 "rustversion",
 "volatile 0.4.4",
]
